
Microsoft Visual Studio Solution File, Format Version 12.00
# Visual Studio Version 16
VisualStudioVersion = 16.0.31702.278
MinimumVisualStudioVersion = 10.0.40219.1
Project("{FAE04EC0-301F-11D3-BF4B-00C04F79EFBC}") = "Balkezesek", "Balkezesek\Balkezesek.csproj", "{43B26D9D-326E-4FF6-A4E9-0AF3464860EC}"
EndProject
Global
	GlobalSection(SolutionConfigurationPlatforms) = preSolution
		Debug|Any CPU = Debug|Any CPU
		Release|Any CPU = Release|Any CPU
	EndGlobalSection
	GlobalSection(ProjectConfigurationPlatforms) = postSolution
		{43B26D9D-326E-4FF6-A4E9-0AF3464860EC}.Debug|Any CPU.ActiveCfg = Debug|Any CPU
		{43B26D9D-326E-4FF6-A4E9-0AF3464860EC}.Debug|Any CPU.Build.0 = Debug|Any CPU
		{43B26D9D-326E-4FF6-A4E9-0AF3464860EC}.Release|Any CPU.ActiveCfg = Release|Any CPU
		{43B26D9D-326E-4FF6-A4E9-0AF3464860EC}.Release|Any CPU.Build.0 = Release|Any CPU
	EndGlobalSection
	GlobalSection(SolutionProperties) = preSolution
		HideSolutionNode = FALSE
	EndGlobalSection
	GlobalSection(ExtensibilityGlobals) = postSolution
		SolutionGuid = {D0951B1A-1BF3-426F-A125-0EC663EE2432}
	EndGlobalSection
EndGlobal
