
Microsoft Visual Studio Solution File, Format Version 12.00
# Visual Studio Version 16
VisualStudioVersion = 16.0.31702.278
MinimumVisualStudioVersion = 10.0.40219.1
Project("{FAE04EC0-301F-11D3-BF4B-00C04F79EFBC}") = "Operátorok", "Operátorok\Operátorok.csproj", "{583B99CE-765F-4864-8877-E5FE9D04E1FF}"
EndProject
Global
	GlobalSection(SolutionConfigurationPlatforms) = preSolution
		Debug|Any CPU = Debug|Any CPU
		Release|Any CPU = Release|Any CPU
	EndGlobalSection
	GlobalSection(ProjectConfigurationPlatforms) = postSolution
		{583B99CE-765F-4864-8877-E5FE9D04E1FF}.Debug|Any CPU.ActiveCfg = Debug|Any CPU
		{583B99CE-765F-4864-8877-E5FE9D04E1FF}.Debug|Any CPU.Build.0 = Debug|Any CPU
		{583B99CE-765F-4864-8877-E5FE9D04E1FF}.Release|Any CPU.ActiveCfg = Release|Any CPU
		{583B99CE-765F-4864-8877-E5FE9D04E1FF}.Release|Any CPU.Build.0 = Release|Any CPU
	EndGlobalSection
	GlobalSection(SolutionProperties) = preSolution
		HideSolutionNode = FALSE
	EndGlobalSection
	GlobalSection(ExtensibilityGlobals) = postSolution
		SolutionGuid = {BB8E194E-6E28-41A5-8AE8-6B7497D7EDEB}
	EndGlobalSection
EndGlobal
