
Microsoft Visual Studio Solution File, Format Version 12.00
# Visual Studio Version 16
VisualStudioVersion = 16.0.31702.278
MinimumVisualStudioVersion = 10.0.40219.1
Project("{FAE04EC0-301F-11D3-BF4B-00C04F79EFBC}") = "Pilotak", "Pilotak\Pilotak.csproj", "{1867C402-A17D-4C58-8713-9FA0B74D6DE9}"
EndProject
Global
	GlobalSection(SolutionConfigurationPlatforms) = preSolution
		Debug|Any CPU = Debug|Any CPU
		Release|Any CPU = Release|Any CPU
	EndGlobalSection
	GlobalSection(ProjectConfigurationPlatforms) = postSolution
		{1867C402-A17D-4C58-8713-9FA0B74D6DE9}.Debug|Any CPU.ActiveCfg = Debug|Any CPU
		{1867C402-A17D-4C58-8713-9FA0B74D6DE9}.Debug|Any CPU.Build.0 = Debug|Any CPU
		{1867C402-A17D-4C58-8713-9FA0B74D6DE9}.Release|Any CPU.ActiveCfg = Release|Any CPU
		{1867C402-A17D-4C58-8713-9FA0B74D6DE9}.Release|Any CPU.Build.0 = Release|Any CPU
	EndGlobalSection
	GlobalSection(SolutionProperties) = preSolution
		HideSolutionNode = FALSE
	EndGlobalSection
	GlobalSection(ExtensibilityGlobals) = postSolution
		SolutionGuid = {57C75FD4-6710-490E-AE14-1DDDC79CABAA}
	EndGlobalSection
EndGlobal
